
Microsoft Visual Studio Solution File, Format Version 12.00
# Visual Studio Version 17
VisualStudioVersion = 17.11.35312.102
MinimumVisualStudioVersion = 10.0.40219.1
Project("{9A19103F-16F7-4668-BE54-9A1E7A4F7556}") = "ai-dev-process-sample", "ai-dev-process-sample.csproj", "{44030A57-FEF7-45B4-A588-862EA5F5F767}"
EndProject
Global
	GlobalSection(SolutionConfigurationPlatforms) = preSolution
		Debug|Any CPU = Debug|Any CPU
		Release|Any CPU = Release|Any CPU
	EndGlobalSection
	GlobalSection(ProjectConfigurationPlatforms) = postSolution
		{44030A57-FEF7-45B4-A588-862EA5F5F767}.Debug|Any CPU.ActiveCfg = Debug|Any CPU
		{44030A57-FEF7-45B4-A588-862EA5F5F767}.Debug|Any CPU.Build.0 = Debug|Any CPU
		{44030A57-FEF7-45B4-A588-862EA5F5F767}.Release|Any CPU.ActiveCfg = Release|Any CPU
		{44030A57-FEF7-45B4-A588-862EA5F5F767}.Release|Any CPU.Build.0 = Release|Any CPU
	EndGlobalSection
	GlobalSection(SolutionProperties) = preSolution
		HideSolutionNode = FALSE
	EndGlobalSection
	GlobalSection(ExtensibilityGlobals) = postSolution
		SolutionGuid = {0DFD4555-DB69-4655-B745-45ECE7E7250E}
	EndGlobalSection
EndGlobal
