
Microsoft Visual Studio Solution File, Format Version 12.00
# Visual Studio Version 17
VisualStudioVersion = 17.5.002.0
MinimumVisualStudioVersion = 10.0.40219.1
Project("{9A19103F-16F7-4668-BE54-9A1E7A4F7556}") = "ai-dev-process-sample", "ai-dev-process-sample.csproj", "{C3B56253-72BC-494C-88AC-E3D7E592736C}"
EndProject
Global
	GlobalSection(SolutionConfigurationPlatforms) = preSolution
		Debug|Any CPU = Debug|Any CPU
		Release|Any CPU = Release|Any CPU
	EndGlobalSection
	GlobalSection(ProjectConfigurationPlatforms) = postSolution
		{C3B56253-72BC-494C-88AC-E3D7E592736C}.Debug|Any CPU.ActiveCfg = Debug|Any CPU
		{C3B56253-72BC-494C-88AC-E3D7E592736C}.Debug|Any CPU.Build.0 = Debug|Any CPU
		{C3B56253-72BC-494C-88AC-E3D7E592736C}.Release|Any CPU.ActiveCfg = Release|Any CPU
		{C3B56253-72BC-494C-88AC-E3D7E592736C}.Release|Any CPU.Build.0 = Release|Any CPU
	EndGlobalSection
	GlobalSection(SolutionProperties) = preSolution
		HideSolutionNode = FALSE
	EndGlobalSection
	GlobalSection(ExtensibilityGlobals) = postSolution
		SolutionGuid = {7FF3BCE9-967F-4EEF-B33C-E8F18E237A12}
	EndGlobalSection
EndGlobal
